// !$*UTF8*$!
{
	archiveVersion = 1;
	classes = {
	};
	objectVersion = 52;
	objects = {

/* Begin PBXBuildFile section */
		A9119583261D926900066BF1 /* Localazy.plist in Resources */ = {isa = PBXBuildFile; fileRef = A9119582261D926900066BF1 /* Localazy.plist */; };
		A9119584261D926900066BF1 /* Localazy.plist in Resources */ = {isa = PBXBuildFile; fileRef = A9119582261D926900066BF1 /* Localazy.plist */; };
		A9A01A1A2626C3210080E852 /* Localizable.strings in Resources */ = {isa = PBXBuildFile; fileRef = A9A01A1D2626C3210080E852 /* Localizable.strings */; };
		A9A01A1B2626C3210080E852 /* Localizable.strings in Resources */ = {isa = PBXBuildFile; fileRef = A9A01A1D2626C3210080E852 /* Localizable.strings */; };
		A9A01A52262731630080E852 /* Localizable.stringsdict in Resources */ = {isa = PBXBuildFile; fileRef = A9A01A55262731630080E852 /* Localizable.stringsdict */; };
		A9A01A53262731630080E852 /* Localizable.stringsdict in Resources */ = {isa = PBXBuildFile; fileRef = A9A01A55262731630080E852 /* Localizable.stringsdict */; };
		A9A4B62926490D67001610B1 /* Localazy in Frameworks */ = {isa = PBXBuildFile; productRef = A9A4B62826490D67001610B1 /* Localazy */; };
		A9A4B62C26490E8B001610B1 /* Localazy in Frameworks */ = {isa = PBXBuildFile; productRef = A9A4B62B26490E8B001610B1 /* Localazy */; };
		A9E86EDF2615CC3D0056CB17 /* LocalazyClientApp.swift in Sources */ = {isa = PBXBuildFile; fileRef = A9E86ECC2615CC3B0056CB17 /* LocalazyClientApp.swift */; };
		A9E86EE02615CC3D0056CB17 /* LocalazyClientApp.swift in Sources */ = {isa = PBXBuildFile; fileRef = A9E86ECC2615CC3B0056CB17 /* LocalazyClientApp.swift */; };
		A9E86EE12615CC3D0056CB17 /* ContentView.swift in Sources */ = {isa = PBXBuildFile; fileRef = A9E86ECD2615CC3B0056CB17 /* ContentView.swift */; };
		A9E86EE22615CC3D0056CB17 /* ContentView.swift in Sources */ = {isa = PBXBuildFile; fileRef = A9E86ECD2615CC3B0056CB17 /* ContentView.swift */; };
		A9E86EE32615CC3D0056CB17 /* Assets.xcassets in Resources */ = {isa = PBXBuildFile; fileRef = A9E86ECE2615CC3D0056CB17 /* Assets.xcassets */; };
		A9E86EE42615CC3D0056CB17 /* Assets.xcassets in Resources */ = {isa = PBXBuildFile; fileRef = A9E86ECE2615CC3D0056CB17 /* Assets.xcassets */; };
/* End PBXBuildFile section */

/* Begin PBXCopyFilesBuildPhase section */
		A91195AA261DDED800066BF1 /* Embed Frameworks */ = {
			isa = PBXCopyFilesBuildPhase;
			buildActionMask = 2147483647;
			dstPath = "";
			dstSubfolderSpec = 10;
			files = (
			);
			name = "Embed Frameworks";
			runOnlyForDeploymentPostprocessing = 0;
		};
/* End PBXCopyFilesBuildPhase section */

/* Begin PBXFileReference section */
		A90E5368261F807A00443AC2 /* localazy.json */ = {isa = PBXFileReference; lastKnownFileType = text.json; path = localazy.json; sourceTree = "<group>"; };
		A9119582261D926900066BF1 /* Localazy.plist */ = {isa = PBXFileReference; lastKnownFileType = text.plist.xml; path = Localazy.plist; sourceTree = "<group>"; };
		A9A01A1C2626C3210080E852 /* en */ = {isa = PBXFileReference; lastKnownFileType = text.plist.strings; name = en; path = en.lproj/Localizable.strings; sourceTree = "<group>"; };
		A9A01A1E2626C33F0080E852 /* de */ = {isa = PBXFileReference; lastKnownFileType = text.plist.strings; name = de; path = de.lproj/Localizable.strings; sourceTree = "<group>"; };
		A9A01A1F2626C3440080E852 /* sk */ = {isa = PBXFileReference; lastKnownFileType = text.plist.strings; name = sk; path = sk.lproj/Localizable.strings; sourceTree = "<group>"; };
		A9A01A54262731630080E852 /* en */ = {isa = PBXFileReference; lastKnownFileType = text.plist.stringsdict; name = en; path = en.lproj/Localizable.stringsdict; sourceTree = "<group>"; };
		A9A01A56262731650080E852 /* de */ = {isa = PBXFileReference; lastKnownFileType = text.plist.stringsdict; name = de; path = de.lproj/Localizable.stringsdict; sourceTree = "<group>"; };
		A9A01A57262731650080E852 /* sk */ = {isa = PBXFileReference; lastKnownFileType = text.plist.stringsdict; name = sk; path = sk.lproj/Localizable.stringsdict; sourceTree = "<group>"; };
		A9E86ECC2615CC3B0056CB17 /* LocalazyClientApp.swift */ = {isa = PBXFileReference; lastKnownFileType = sourcecode.swift; path = LocalazyClientApp.swift; sourceTree = "<group>"; };
		A9E86ECD2615CC3B0056CB17 /* ContentView.swift */ = {isa = PBXFileReference; lastKnownFileType = sourcecode.swift; path = ContentView.swift; sourceTree = "<group>"; };
		A9E86ECE2615CC3D0056CB17 /* Assets.xcassets */ = {isa = PBXFileReference; lastKnownFileType = folder.assetcatalog; path = Assets.xcassets; sourceTree = "<group>"; };
		A9E86ED32615CC3D0056CB17 /* LocalazyClient.app */ = {isa = PBXFileReference; explicitFileType = wrapper.application; includeInIndex = 0; path = LocalazyClient.app; sourceTree = BUILT_PRODUCTS_DIR; };
		A9E86ED62615CC3D0056CB17 /* Info.plist */ = {isa = PBXFileReference; lastKnownFileType = text.plist.xml; path = Info.plist; sourceTree = "<group>"; };
		A9E86EDB2615CC3D0056CB17 /* LocalazyClient.app */ = {isa = PBXFileReference; explicitFileType = wrapper.application; includeInIndex = 0; path = LocalazyClient.app; sourceTree = BUILT_PRODUCTS_DIR; };
		A9E86EDD2615CC3D0056CB17 /* Info.plist */ = {isa = PBXFileReference; lastKnownFileType = text.plist.xml; path = Info.plist; sourceTree = "<group>"; };
		A9E86EDE2615CC3D0056CB17 /* macOS.entitlements */ = {isa = PBXFileReference; lastKnownFileType = text.plist.entitlements; path = macOS.entitlements; sourceTree = "<group>"; };
/* End PBXFileReference section */

/* Begin PBXFrameworksBuildPhase section */
		A9E86ED02615CC3D0056CB17 /* Frameworks */ = {
			isa = PBXFrameworksBuildPhase;
			buildActionMask = 2147483647;
			files = (
				A9A4B62926490D67001610B1 /* Localazy in Frameworks */,
			);
			runOnlyForDeploymentPostprocessing = 0;
		};
		A9E86ED82615CC3D0056CB17 /* Frameworks */ = {
			isa = PBXFrameworksBuildPhase;
			buildActionMask = 2147483647;
			files = (
				A9A4B62C26490E8B001610B1 /* Localazy in Frameworks */,
			);
			runOnlyForDeploymentPostprocessing = 0;
		};
/* End PBXFrameworksBuildPhase section */

/* Begin PBXGroup section */
		A9A01A162626C2E20080E852 /* Localizations */ = {
			isa = PBXGroup;
			children = (
				A9A01A1D2626C3210080E852 /* Localizable.strings */,
				A9A01A55262731630080E852 /* Localizable.stringsdict */,
			);
			path = Localizations;
			sourceTree = "<group>";
		};
		A9A4B62A26490E8B001610B1 /* Frameworks */ = {
			isa = PBXGroup;
			children = (
			);
			name = Frameworks;
			sourceTree = "<group>";
		};
		A9E86EC62615CC3A0056CB17 = {
			isa = PBXGroup;
			children = (
				A90E5368261F807A00443AC2 /* localazy.json */,
				A9E86ECB2615CC3A0056CB17 /* Shared */,
				A9E86ED52615CC3D0056CB17 /* iOS */,
				A9E86EDC2615CC3D0056CB17 /* macOS */,
				A9E86ED42615CC3D0056CB17 /* Products */,
				A9A4B62A26490E8B001610B1 /* Frameworks */,
			);
			sourceTree = "<group>";
		};
		A9E86ECB2615CC3A0056CB17 /* Shared */ = {
			isa = PBXGroup;
			children = (
				A9A01A162626C2E20080E852 /* Localizations */,
				A9E86ECC2615CC3B0056CB17 /* LocalazyClientApp.swift */,
				A9E86ECD2615CC3B0056CB17 /* ContentView.swift */,
				A9119582261D926900066BF1 /* Localazy.plist */,
				A9E86ECE2615CC3D0056CB17 /* Assets.xcassets */,
			);
			path = Shared;
			sourceTree = "<group>";
		};
		A9E86ED42615CC3D0056CB17 /* Products */ = {
			isa = PBXGroup;
			children = (
				A9E86ED32615CC3D0056CB17 /* LocalazyClient.app */,
				A9E86EDB2615CC3D0056CB17 /* LocalazyClient.app */,
			);
			name = Products;
			sourceTree = "<group>";
		};
		A9E86ED52615CC3D0056CB17 /* iOS */ = {
			isa = PBXGroup;
			children = (
				A9E86ED62615CC3D0056CB17 /* Info.plist */,
			);
			path = iOS;
			sourceTree = "<group>";
		};
		A9E86EDC2615CC3D0056CB17 /* macOS */ = {
			isa = PBXGroup;
			children = (
				A9E86EDD2615CC3D0056CB17 /* Info.plist */,
				A9E86EDE2615CC3D0056CB17 /* macOS.entitlements */,
			);
			path = macOS;
			sourceTree = "<group>";
		};
/* End PBXGroup section */

/* Begin PBXNativeTarget section */
		A9E86ED22615CC3D0056CB17 /* LocalazyClient (iOS) */ = {
			isa = PBXNativeTarget;
			buildConfigurationList = A9E86EE72615CC3D0056CB17 /* Build configuration list for PBXNativeTarget "LocalazyClient (iOS)" */;
			buildPhases = (
				A9E86ECF2615CC3D0056CB17 /* Sources */,
				A9E86ED02615CC3D0056CB17 /* Frameworks */,
				A9E86ED12615CC3D0056CB17 /* Resources */,
				A91195AA261DDED800066BF1 /* Embed Frameworks */,
				A9EB3E9B26427F66002ACCE9 /* Localazy upload */,
			);
			buildRules = (
			);
			dependencies = (
			);
			name = "LocalazyClient (iOS)";
			packageProductDependencies = (
				A9A4B62826490D67001610B1 /* Localazy */,
			);
			productName = "LocalazyClient (iOS)";
			productReference = A9E86ED32615CC3D0056CB17 /* LocalazyClient.app */;
			productType = "com.apple.product-type.application";
		};
		A9E86EDA2615CC3D0056CB17 /* LocalazyClient (macOS) */ = {
			isa = PBXNativeTarget;
			buildConfigurationList = A9E86EEA2615CC3D0056CB17 /* Build configuration list for PBXNativeTarget "LocalazyClient (macOS)" */;
			buildPhases = (
				A9E86ED72615CC3D0056CB17 /* Sources */,
				A9E86ED82615CC3D0056CB17 /* Frameworks */,
				A9E86ED92615CC3D0056CB17 /* Resources */,
			);
			buildRules = (
			);
			dependencies = (
			);
			name = "LocalazyClient (macOS)";
			packageProductDependencies = (
				A9A4B62B26490E8B001610B1 /* Localazy */,
			);
			productName = "LocalazyClient (macOS)";
			productReference = A9E86EDB2615CC3D0056CB17 /* LocalazyClient.app */;
			productType = "com.apple.product-type.application";
		};
/* End PBXNativeTarget section */

/* Begin PBXProject section */
		A9E86EC72615CC3A0056CB17 /* Project object */ = {
			isa = PBXProject;
			attributes = {
				LastSwiftUpdateCheck = 1250;
				LastUpgradeCheck = 1250;
				TargetAttributes = {
					A9E86ED22615CC3D0056CB17 = {
						CreatedOnToolsVersion = 12.5;
					};
					A9E86EDA2615CC3D0056CB17 = {
						CreatedOnToolsVersion = 12.5;
					};
				};
			};
			buildConfigurationList = A9E86ECA2615CC3A0056CB17 /* Build configuration list for PBXProject "LocalazyClient" */;
			compatibilityVersion = "Xcode 9.3";
			developmentRegion = en;
			hasScannedForEncodings = 0;
			knownRegions = (
				en,
				Base,
				sk,
				de,
			);
			mainGroup = A9E86EC62615CC3A0056CB17;
			packageReferences = (
				A9A4B62726490D67001610B1 /* XCRemoteSwiftPackageReference "localazy-swift" */,
			);
			productRefGroup = A9E86ED42615CC3D0056CB17 /* Products */;
			projectDirPath = "";
			projectRoot = "";
			targets = (
				A9E86ED22615CC3D0056CB17 /* LocalazyClient (iOS) */,
				A9E86EDA2615CC3D0056CB17 /* LocalazyClient (macOS) */,
			);
		};
/* End PBXProject section */

/* Begin PBXResourcesBuildPhase section */
		A9E86ED12615CC3D0056CB17 /* Resources */ = {
			isa = PBXResourcesBuildPhase;
			buildActionMask = 2147483647;
			files = (
				A9E86EE32615CC3D0056CB17 /* Assets.xcassets in Resources */,
				A9A01A52262731630080E852 /* Localizable.stringsdict in Resources */,
				A9A01A1A2626C3210080E852 /* Localizable.strings in Resources */,
				A9119583261D926900066BF1 /* Localazy.plist in Resources */,
			);
			runOnlyForDeploymentPostprocessing = 0;
		};
		A9E86ED92615CC3D0056CB17 /* Resources */ = {
			isa = PBXResourcesBuildPhase;
			buildActionMask = 2147483647;
			files = (
				A9E86EE42615CC3D0056CB17 /* Assets.xcassets in Resources */,
				A9A01A53262731630080E852 /* Localizable.stringsdict in Resources */,
				A9A01A1B2626C3210080E852 /* Localizable.strings in Resources */,
				A9119584261D926900066BF1 /* Localazy.plist in Resources */,
			);
			runOnlyForDeploymentPostprocessing = 0;
		};
/* End PBXResourcesBuildPhase section */

/* Begin PBXShellScriptBuildPhase section */
		A9EB3E9B26427F66002ACCE9 /* Localazy upload */ = {
			isa = PBXShellScriptBuildPhase;
			buildActionMask = 2147483647;
			files = (
			);
			inputFileListPaths = (
			);
			inputPaths = (
			);
			name = "Localazy upload";
			outputFileListPaths = (
			);
			outputPaths = (
			);
			runOnlyForDeploymentPostprocessing = 0;
			shellPath = /bin/sh;
			shellScript = "# Type a script or drag a script file from your workspace to insert its path.\n";
		};
/* End PBXShellScriptBuildPhase section */

/* Begin PBXSourcesBuildPhase section */
		A9E86ECF2615CC3D0056CB17 /* Sources */ = {
			isa = PBXSourcesBuildPhase;
			buildActionMask = 2147483647;
			files = (
				A9E86EE12615CC3D0056CB17 /* ContentView.swift in Sources */,
				A9E86EDF2615CC3D0056CB17 /* LocalazyClientApp.swift in Sources */,
			);
			runOnlyForDeploymentPostprocessing = 0;
		};
		A9E86ED72615CC3D0056CB17 /* Sources */ = {
			isa = PBXSourcesBuildPhase;
			buildActionMask = 2147483647;
			files = (
				A9E86EE22615CC3D0056CB17 /* ContentView.swift in Sources */,
				A9E86EE02615CC3D0056CB17 /* LocalazyClientApp.swift in Sources */,
			);
			runOnlyForDeploymentPostprocessing = 0;
		};
/* End PBXSourcesBuildPhase section */

/* Begin PBXVariantGroup section */
		A9A01A1D2626C3210080E852 /* Localizable.strings */ = {
			isa = PBXVariantGroup;
			children = (
				A9A01A1C2626C3210080E852 /* en */,
				A9A01A1E2626C33F0080E852 /* de */,
				A9A01A1F2626C3440080E852 /* sk */,
			);
			name = Localizable.strings;
			sourceTree = "<group>";
		};
		A9A01A55262731630080E852 /* Localizable.stringsdict */ = {
			isa = PBXVariantGroup;
			children = (
				A9A01A54262731630080E852 /* en */,
				A9A01A56262731650080E852 /* de */,
				A9A01A57262731650080E852 /* sk */,
			);
			name = Localizable.stringsdict;
			sourceTree = "<group>";
		};
/* End PBXVariantGroup section */

/* Begin XCBuildConfiguration section */
		A9E86EE52615CC3D0056CB17 /* Debug */ = {
			isa = XCBuildConfiguration;
			buildSettings = {
				ALWAYS_SEARCH_USER_PATHS = NO;
				CLANG_ANALYZER_NONNULL = YES;
				CLANG_ANALYZER_NUMBER_OBJECT_CONVERSION = YES_AGGRESSIVE;
				CLANG_CXX_LANGUAGE_STANDARD = "gnu++14";
				CLANG_CXX_LIBRARY = "libc++";
				CLANG_ENABLE_MODULES = YES;
				CLANG_ENABLE_OBJC_ARC = YES;
				CLANG_ENABLE_OBJC_WEAK = YES;
				CLANG_WARN_BLOCK_CAPTURE_AUTORELEASING = YES;
				CLANG_WARN_BOOL_CONVERSION = YES;
				CLANG_WARN_COMMA = YES;
				CLANG_WARN_CONSTANT_CONVERSION = YES;
				CLANG_WARN_DEPRECATED_OBJC_IMPLEMENTATIONS = YES;
				CLANG_WARN_DIRECT_OBJC_ISA_USAGE = YES_ERROR;
				CLANG_WARN_DOCUMENTATION_COMMENTS = YES;
				CLANG_WARN_EMPTY_BODY = YES;
				CLANG_WARN_ENUM_CONVERSION = YES;
				CLANG_WARN_INFINITE_RECURSION = YES;
				CLANG_WARN_INT_CONVERSION = YES;
				CLANG_WARN_NON_LITERAL_NULL_CONVERSION = YES;
				CLANG_WARN_OBJC_IMPLICIT_RETAIN_SELF = YES;
				CLANG_WARN_OBJC_LITERAL_CONVERSION = YES;
				CLANG_WARN_OBJC_ROOT_CLASS = YES_ERROR;
				CLANG_WARN_QUOTED_INCLUDE_IN_FRAMEWORK_HEADER = YES;
				CLANG_WARN_RANGE_LOOP_ANALYSIS = YES;
				CLANG_WARN_STRICT_PROTOTYPES = YES;
				CLANG_WARN_SUSPICIOUS_MOVE = YES;
				CLANG_WARN_UNGUARDED_AVAILABILITY = YES_AGGRESSIVE;
				CLANG_WARN_UNREACHABLE_CODE = YES;
				CLANG_WARN__DUPLICATE_METHOD_MATCH = YES;
				COPY_PHASE_STRIP = NO;
				DEBUG_INFORMATION_FORMAT = dwarf;
				ENABLE_STRICT_OBJC_MSGSEND = YES;
				ENABLE_TESTABILITY = YES;
				GCC_C_LANGUAGE_STANDARD = gnu11;
				GCC_DYNAMIC_NO_PIC = NO;
				GCC_NO_COMMON_BLOCKS = YES;
				GCC_OPTIMIZATION_LEVEL = 0;
				GCC_PREPROCESSOR_DEFINITIONS = (
					"DEBUG=1",
					"$(inherited)",
				);
				GCC_WARN_64_TO_32_BIT_CONVERSION = YES;
				GCC_WARN_ABOUT_RETURN_TYPE = YES_ERROR;
				GCC_WARN_UNDECLARED_SELECTOR = YES;
				GCC_WARN_UNINITIALIZED_AUTOS = YES_AGGRESSIVE;
				GCC_WARN_UNUSED_FUNCTION = YES;
				GCC_WARN_UNUSED_VARIABLE = YES;
				MTL_ENABLE_DEBUG_INFO = INCLUDE_SOURCE;
				MTL_FAST_MATH = YES;
				ONLY_ACTIVE_ARCH = YES;
				SWIFT_ACTIVE_COMPILATION_CONDITIONS = DEBUG;
				SWIFT_OPTIMIZATION_LEVEL = "-Onone";
			};
			name = Debug;
		};
		A9E86EE62615CC3D0056CB17 /* Release */ = {
			isa = XCBuildConfiguration;
			buildSettings = {
				ALWAYS_SEARCH_USER_PATHS = NO;
				CLANG_ANALYZER_NONNULL = YES;
				CLANG_ANALYZER_NUMBER_OBJECT_CONVERSION = YES_AGGRESSIVE;
				CLANG_CXX_LANGUAGE_STANDARD = "gnu++14";
				CLANG_CXX_LIBRARY = "libc++";
				CLANG_ENABLE_MODULES = YES;
				CLANG_ENABLE_OBJC_ARC = YES;
				CLANG_ENABLE_OBJC_WEAK = YES;
				CLANG_WARN_BLOCK_CAPTURE_AUTORELEASING = YES;
				CLANG_WARN_BOOL_CONVERSION = YES;
				CLANG_WARN_COMMA = YES;
				CLANG_WARN_CONSTANT_CONVERSION = YES;
				CLANG_WARN_DEPRECATED_OBJC_IMPLEMENTATIONS = YES;
				CLANG_WARN_DIRECT_OBJC_ISA_USAGE = YES_ERROR;
				CLANG_WARN_DOCUMENTATION_COMMENTS = YES;
				CLANG_WARN_EMPTY_BODY = YES;
				CLANG_WARN_ENUM_CONVERSION = YES;
				CLANG_WARN_INFINITE_RECURSION = YES;
				CLANG_WARN_INT_CONVERSION = YES;
				CLANG_WARN_NON_LITERAL_NULL_CONVERSION = YES;
				CLANG_WARN_OBJC_IMPLICIT_RETAIN_SELF = YES;
				CLANG_WARN_OBJC_LITERAL_CONVERSION = YES;
				CLANG_WARN_OBJC_ROOT_CLASS = YES_ERROR;
				CLANG_WARN_QUOTED_INCLUDE_IN_FRAMEWORK_HEADER = YES;
				CLANG_WARN_RANGE_LOOP_ANALYSIS = YES;
				CLANG_WARN_STRICT_PROTOTYPES = YES;
				CLANG_WARN_SUSPICIOUS_MOVE = YES;
				CLANG_WARN_UNGUARDED_AVAILABILITY = YES_AGGRESSIVE;
				CLANG_WARN_UNREACHABLE_CODE = YES;
				CLANG_WARN__DUPLICATE_METHOD_MATCH = YES;
				COPY_PHASE_STRIP = NO;
				DEBUG_INFORMATION_FORMAT = "dwarf-with-dsym";
				ENABLE_NS_ASSERTIONS = NO;
				ENABLE_STRICT_OBJC_MSGSEND = YES;
				GCC_C_LANGUAGE_STANDARD = gnu11;
				GCC_NO_COMMON_BLOCKS = YES;
				GCC_WARN_64_TO_32_BIT_CONVERSION = YES;
				GCC_WARN_ABOUT_RETURN_TYPE = YES_ERROR;
				GCC_WARN_UNDECLARED_SELECTOR = YES;
				GCC_WARN_UNINITIALIZED_AUTOS = YES_AGGRESSIVE;
				GCC_WARN_UNUSED_FUNCTION = YES;
				GCC_WARN_UNUSED_VARIABLE = YES;
				MTL_ENABLE_DEBUG_INFO = NO;
				MTL_FAST_MATH = YES;
				SWIFT_COMPILATION_MODE = wholemodule;
				SWIFT_OPTIMIZATION_LEVEL = "-O";
			};
			name = Release;
		};
		A9E86EE82615CC3D0056CB17 /* Debug */ = {
			isa = XCBuildConfiguration;
			buildSettings = {
				ASSETCATALOG_COMPILER_APPICON_NAME = AppIcon;
				ASSETCATALOG_COMPILER_GLOBAL_ACCENT_COLOR_NAME = AccentColor;
				CODE_SIGN_STYLE = Automatic;
				DEVELOPMENT_TEAM = 82LEPE252C;
				ENABLE_PREVIEWS = YES;
				FRAMEWORK_SEARCH_PATHS = (
					"$(inherited)",
					"$(PROJECT_DIR)/Shared",
				);
				INFOPLIST_FILE = iOS/Info.plist;
				IPHONEOS_DEPLOYMENT_TARGET = 14.0;
				LD_RUNPATH_SEARCH_PATHS = (
					"$(inherited)",
					"@executable_path/Frameworks",
				);
				PRODUCT_BUNDLE_IDENTIFIER = sk.pulik.jaroslav.LocalazyClient;
				PRODUCT_NAME = LocalazyClient;
				SDKROOT = iphoneos;
				SWIFT_VERSION = 5.0;
				TARGETED_DEVICE_FAMILY = "1,2";
			};
			name = Debug;
		};
		A9E86EE92615CC3D0056CB17 /* Release */ = {
			isa = XCBuildConfiguration;
			buildSettings = {
				ASSETCATALOG_COMPILER_APPICON_NAME = AppIcon;
				ASSETCATALOG_COMPILER_GLOBAL_ACCENT_COLOR_NAME = AccentColor;
				CODE_SIGN_STYLE = Automatic;
				DEVELOPMENT_TEAM = 82LEPE252C;
				ENABLE_PREVIEWS = YES;
				FRAMEWORK_SEARCH_PATHS = (
					"$(inherited)",
					"$(PROJECT_DIR)/Shared",
				);
				INFOPLIST_FILE = iOS/Info.plist;
				IPHONEOS_DEPLOYMENT_TARGET = 14.0;
				LD_RUNPATH_SEARCH_PATHS = (
					"$(inherited)",
					"@executable_path/Frameworks",
				);
				PRODUCT_BUNDLE_IDENTIFIER = sk.pulik.jaroslav.LocalazyClient;
				PRODUCT_NAME = LocalazyClient;
				SDKROOT = iphoneos;
				SWIFT_VERSION = 5.0;
				TARGETED_DEVICE_FAMILY = "1,2";
				VALIDATE_PRODUCT = YES;
			};
			name = Release;
		};
		A9E86EEB2615CC3D0056CB17 /* Debug */ = {
			isa = XCBuildConfiguration;
			buildSettings = {
				ASSETCATALOG_COMPILER_APPICON_NAME = AppIcon;
				ASSETCATALOG_COMPILER_GLOBAL_ACCENT_COLOR_NAME = AccentColor;
				CODE_SIGN_ENTITLEMENTS = macOS/macOS.entitlements;
				CODE_SIGN_STYLE = Automatic;
				COMBINE_HIDPI_IMAGES = YES;
				DEVELOPMENT_TEAM = 82LEPE252C;
				ENABLE_HARDENED_RUNTIME = YES;
				ENABLE_PREVIEWS = YES;
				FRAMEWORK_SEARCH_PATHS = (
					"$(inherited)",
					"$(PROJECT_DIR)/Shared",
				);
				INFOPLIST_FILE = macOS/Info.plist;
				LD_RUNPATH_SEARCH_PATHS = (
					"$(inherited)",
					"@executable_path/../Frameworks",
				);
				MACOSX_DEPLOYMENT_TARGET = 11.0;
				PRODUCT_BUNDLE_IDENTIFIER = sk.pulik.jaroslav.LocalazyClient;
				PRODUCT_NAME = LocalazyClient;
				SDKROOT = macosx;
				SWIFT_VERSION = 5.0;
			};
			name = Debug;
		};
		A9E86EEC2615CC3D0056CB17 /* Release */ = {
			isa = XCBuildConfiguration;
			buildSettings = {
				ASSETCATALOG_COMPILER_APPICON_NAME = AppIcon;
				ASSETCATALOG_COMPILER_GLOBAL_ACCENT_COLOR_NAME = AccentColor;
				CODE_SIGN_ENTITLEMENTS = macOS/macOS.entitlements;
				CODE_SIGN_STYLE = Automatic;
				COMBINE_HIDPI_IMAGES = YES;
				DEVELOPMENT_TEAM = 82LEPE252C;
				ENABLE_HARDENED_RUNTIME = YES;
				ENABLE_PREVIEWS = YES;
				FRAMEWORK_SEARCH_PATHS = (
					"$(inherited)",
					"$(PROJECT_DIR)/Shared",
				);
				INFOPLIST_FILE = macOS/Info.plist;
				LD_RUNPATH_SEARCH_PATHS = (
					"$(inherited)",
					"@executable_path/../Frameworks",
				);
				MACOSX_DEPLOYMENT_TARGET = 11.0;
				PRODUCT_BUNDLE_IDENTIFIER = sk.pulik.jaroslav.LocalazyClient;
				PRODUCT_NAME = LocalazyClient;
				SDKROOT = macosx;
				SWIFT_VERSION = 5.0;
			};
			name = Release;
		};
/* End XCBuildConfiguration section */

/* Begin XCConfigurationList section */
		A9E86ECA2615CC3A0056CB17 /* Build configuration list for PBXProject "LocalazyClient" */ = {
			isa = XCConfigurationList;
			buildConfigurations = (
				A9E86EE52615CC3D0056CB17 /* Debug */,
				A9E86EE62615CC3D0056CB17 /* Release */,
			);
			defaultConfigurationIsVisible = 0;
			defaultConfigurationName = Release;
		};
		A9E86EE72615CC3D0056CB17 /* Build configuration list for PBXNativeTarget "LocalazyClient (iOS)" */ = {
			isa = XCConfigurationList;
			buildConfigurations = (
				A9E86EE82615CC3D0056CB17 /* Debug */,
				A9E86EE92615CC3D0056CB17 /* Release */,
			);
			defaultConfigurationIsVisible = 0;
			defaultConfigurationName = Release;
		};
		A9E86EEA2615CC3D0056CB17 /* Build configuration list for PBXNativeTarget "LocalazyClient (macOS)" */ = {
			isa = XCConfigurationList;
			buildConfigurations = (
				A9E86EEB2615CC3D0056CB17 /* Debug */,
				A9E86EEC2615CC3D0056CB17 /* Release */,
			);
			defaultConfigurationIsVisible = 0;
			defaultConfigurationName = Release;
		};
/* End XCConfigurationList section */

/* Begin XCRemoteSwiftPackageReference section */
		A9A4B62726490D67001610B1 /* XCRemoteSwiftPackageReference "localazy-swift" */ = {
			isa = XCRemoteSwiftPackageReference;
			repositoryURL = "https://github.com/localazy/localazy-swift";
			requirement = {
				kind = upToNextMajorVersion;
				minimumVersion = 0.0.2;
			};
		};
/* End XCRemoteSwiftPackageReference section */

/* Begin XCSwiftPackageProductDependency section */
		A9A4B62826490D67001610B1 /* Localazy */ = {
			isa = XCSwiftPackageProductDependency;
			package = A9A4B62726490D67001610B1 /* XCRemoteSwiftPackageReference "localazy-swift" */;
			productName = Localazy;
		};
		A9A4B62B26490E8B001610B1 /* Localazy */ = {
			isa = XCSwiftPackageProductDependency;
			package = A9A4B62726490D67001610B1 /* XCRemoteSwiftPackageReference "localazy-swift" */;
			productName = Localazy;
		};
/* End XCSwiftPackageProductDependency section */
	};
	rootObject = A9E86EC72615CC3A0056CB17 /* Project object */;
}
